
Microsoft Visual Studio Solution File, Format Version 12.00
# Visual Studio 2013
VisualStudioVersion = 12.0.21005.1
MinimumVisualStudioVersion = 10.0.40219.1
Project("{8BC9CEB8-8B4A-11D0-8D11-00A0C91BC942}") = "crc32c", "crc32c\crc32c.vcxproj", "{D9F001C8-8B37-49DB-B163-5917C71E496A}"
EndProject
Project("{8BC9CEB8-8B4A-11D0-8D11-00A0C91BC942}") = "runtests", "runtests\runtests.vcxproj", "{DE1E979A-FF9E-40BD-BF00-B4CEF1AC0116}"
	ProjectSection(ProjectDependencies) = postProject
		{D9F001C8-8B37-49DB-B163-5917C71E496A} = {D9F001C8-8B37-49DB-B163-5917C71E496A}
	EndProjectSection
EndProject
Global
	GlobalSection(SolutionConfigurationPlatforms) = preSolution
		Debug|Win32 = Debug|Win32
		Release|Win32 = Release|Win32
	EndGlobalSection
	GlobalSection(ProjectConfigurationPlatforms) = postSolution
		{D9F001C8-8B37-49DB-B163-5917C71E496A}.Debug|Win32.ActiveCfg = Debug|Win32
		{D9F001C8-8B37-49DB-B163-5917C71E496A}.Debug|Win32.Build.0 = Debug|Win32
		{D9F001C8-8B37-49DB-B163-5917C71E496A}.Release|Win32.ActiveCfg = Release|Win32
		{D9F001C8-8B37-49DB-B163-5917C71E496A}.Release|Win32.Build.0 = Release|Win32
		{DE1E979A-FF9E-40BD-BF00-B4CEF1AC0116}.Debug|Win32.ActiveCfg = Debug|Win32
		{DE1E979A-FF9E-40BD-BF00-B4CEF1AC0116}.Debug|Win32.Build.0 = Debug|Win32
		{DE1E979A-FF9E-40BD-BF00-B4CEF1AC0116}.Release|Win32.ActiveCfg = Release|Win32
		{DE1E979A-FF9E-40BD-BF00-B4CEF1AC0116}.Release|Win32.Build.0 = Release|Win32
	EndGlobalSection
	GlobalSection(SolutionProperties) = preSolution
		HideSolutionNode = FALSE
	EndGlobalSection
EndGlobal
